github.com/go-compressions/adc v0.2.0 h1:RbiuF4Ppw0x638q9DMsN9rmqIZwuHDQDY6KMSfIJNK8=
github.com/go-compressions/adc v0.2.0/go.mod h1:PG/ykXDoM19DvzqGwRaXFSmajOtlT7xTdQwJZE0wNjM=
github.com/go-compressions/lzfse v0.5.0 h1:r4eLxuzXc2C0LYlhhVmtEq0c+B31c53jcaa8UKLbMlk=
github.com/go-compressions/lzfse v0.5.0/go.mod h1:G4+MZUwHkfTSjCfJyRFJzTdNIy0v+JcehyxvWJTGBE4=
