github.com/go-compressions/lzfse v0.1.1-0.20260620062248-135e417e8ead h1:BeephGcZ93KxbZAZi204lwBviBPR7bc3mmaMSdi2Mnc=
github.com/go-compressions/lzfse v0.1.1-0.20260620062248-135e417e8ead/go.mod h1:geg9IRFbMNHPgbm8xNwF3AnYTsldTX9YptJ0DOWzYv8=
github.com/go-compressions/lzfse v0.3.0 h1:slxIjY9HeG2llJSoXTwTnQ+u/iKMbr2WHUwaNAl/2yI=
github.com/go-compressions/lzfse v0.3.0/go.mod h1:geg9IRFbMNHPgbm8xNwF3AnYTsldTX9YptJ0DOWzYv8=
